{
    "name": "PWA",
    "version": "1.0.0",
    "lockfileVersion": 2,
    "requires": true,
    "packages": {
        "": {
            "version": "1.0.0",
            "license": "ISC",
            "dependencies": {
                "@mervick/mdi-icons": "^4.0.1",
                "web-push": "^3.3.0"
            }
        },
        "node_modules/@mervick/mdi-icons": {
            "version": "4.0.1",
            "resolved": "https://registry.npmjs.org/@mervick/mdi-icons/-/mdi-icons-4.0.1.tgz",
            "integrity": "sha512-uJP+fHNJmgZVKgW9bzmHPgnSJvIUXhSmM1oGqeUAHKQIh8ycDM45+4esFcjJjGkXAAb51e4efUeUdj01ISDaKg=="
        },
        "node_modules/asn1.js": {
            "version": "5.4.1",
            "resolved": "https://registry.npmjs.org/asn1.js/-/asn1.js-5.4.1.tgz",
            "integrity": "sha512-+I//4cYPccV8LdmBLiX8CYvf9Sp3vQsrqu2QNXRcrbiWvcx/UdlFiqUJJzxRQxgsZmvhXhn4cSKeSmoFjVdupA==",
            "dependencies": {
                "bn.js": "^4.0.0",
                "inherits": "^2.0.1",
                "minimalistic-assert": "^1.0.0",
                "safer-buffer": "^2.1.0"
            }
        },
        "node_modules/bn.js": {
            "version": "4.11.9",
            "resolved": "https://registry.npmjs.org/bn.js/-/bn.js-4.11.9.tgz",
            "integrity": "sha512-E6QoYqCKZfgatHTdHzs1RRKP7ip4vvm+EyRUeE2RF0NblwVvb0p6jSVeNTOFxPn26QXN2o6SMfNxKp6kU8zQaw=="
        },
        "node_modules/buffer-equal-constant-time": {
            "version": "1.0.1",
            "resolved": "https://registry.npmjs.org/buffer-equal-constant-time/-/buffer-equal-constant-time-1.0.1.tgz",
            "integrity": "sha1-+OcRMvf/5uAaXJaXpMbz5I1cyBk="
        },
        "node_modules/ecdsa-sig-formatter": {
            "version": "1.0.11",
            "resolved": "https://registry.npmjs.org/ecdsa-sig-formatter/-/ecdsa-sig-formatter-1.0.11.tgz",
            "integrity": "sha512-nagl3RYrbNv6kQkeJIpt6NJZy8twLB/2vtz6yN9Z4vRKHN4/QZJIEbqohALSgwKdnksuY3k5Addp5lg8sVoVcQ==",
            "dependencies": {
                "safe-buffer": "^5.0.1"
            }
        },
        "node_modules/inherits": {
            "version": "2.0.4",
            "resolved": "https://registry.npmjs.org/inherits/-/inherits-2.0.4.tgz",
            "integrity": "sha512-k/vGaX4/Yla3WzyMCvTQOXYeIHvqOKtnqBduzTHpzpQZzAskKMhZ2K+EnBiSM9zGSoIFeMpXKxa4dYeZIQqewQ=="
        },
        "node_modules/minimalistic-assert": {
            "version": "1.0.1",
            "resolved": "https://registry.npmjs.org/minimalistic-assert/-/minimalistic-assert-1.0.1.tgz",
            "integrity": "sha512-UtJcAD4yEaGtjPezWuO9wC4nwUnVH/8/Im3yEHQP4b67cXlD/Qr9hdITCU1xDbSEXg2XKNaP8jsReV7vQd00/A=="
        },
        "node_modules/minimist": {
            "version": "1.2.5",
            "resolved": "https://registry.npmjs.org/minimist/-/minimist-1.2.5.tgz",
            "integrity": "sha512-FM9nNUYrRBAELZQT3xeZQ7fmMOBg6nWNmJKTcgsJeaLstP/UODVpGsr5OhXhhXg6f+qtJ8uiZ+PUxkDWcgIXLw=="
        },
        "node_modules/safe-buffer": {
            "version": "5.2.1",
            "resolved": "https://registry.npmjs.org/safe-buffer/-/safe-buffer-5.2.1.tgz",
            "integrity": "sha512-rp3So07KcdmmKbGvgaNxQSJr7bGVSVk5S9Eq1F+ppbRo70+YeaDxkw5Dd8NPN+GD6bjnYm2VuPuCXmpuYvmCXQ=="
        },
        "node_modules/safer-buffer": {
            "version": "2.1.2",
            "resolved": "https://registry.npmjs.org/safer-buffer/-/safer-buffer-2.1.2.tgz",
            "integrity": "sha512-YZo3K82SD7Riyi0E1EQPojLz7kpepnSQI9IyPbHHg1XXXevb5dJI7tpyN2ADxGcQbHG7vcyRHk0cbwqcQriUtg=="
        },
        "node_modules/urlsafe-base64": {
            "version": "1.0.0",
            "resolved": "https://registry.npmjs.org/urlsafe-base64/-/urlsafe-base64-1.0.0.tgz",
            "integrity": "sha1-I/iQaabGL0bPOh07ABac77kL4MY="
        },
        "node_modules/web-push": {
            "version": "3.3.0",
            "resolved": "https://registry.npmjs.org/web-push/-/web-push-3.3.0.tgz",
            "integrity": "sha512-jp9/TlHV4McLzF7qpQxdOSn+65Sd2/SKmw1MnM2O5vBwy5cA7bHU1h1bwUAVpL74Zl4dKbvndXaccCQrzyVxIQ==",
            "dependencies": {
                "asn1.js": "^5.0.0",
                "http_ece": "1.0.5",
                "jws": "^3.1.3",
                "minimist": "^1.2.0",
                "urlsafe-base64": "^1.0.0"
            },
            "bin": {
                "web-push": "src/cli.js"
            },
            "engines": {
                "node": ">= 4"
            }
        },
        "node_modules/web-push/node_modules/http_ece": {
            "version": "1.0.5",
            "resolved": "https://registry.npmjs.org/http_ece/-/http_ece-1.0.5.tgz",
            "integrity": "sha1-tgZg+q8UIVEC0Uk+pyDc2StTNy8=",
            "dependencies": {
                "urlsafe-base64": "~1.0.0"
            },
            "engines": {
                "node": ">=4"
            }
        },
        "node_modules/web-push/node_modules/jwa": {
            "version": "1.4.1",
            "resolved": "https://registry.npmjs.org/jwa/-/jwa-1.4.1.tgz",
            "integrity": "sha512-qiLX/xhEEFKUAJ6FiBMbes3w9ATzyk5W7Hvzpa/SLYdxNtng+gcurvrI7TbACjIXlsJyr05/S1oUhZrc63evQA==",
            "dependencies": {
                "buffer-equal-constant-time": "1.0.1",
                "ecdsa-sig-formatter": "1.0.11",
                "safe-buffer": "^5.0.1"
            }
        },
        "node_modules/web-push/node_modules/jws": {
            "version": "3.2.2",
            "resolved": "https://registry.npmjs.org/jws/-/jws-3.2.2.tgz",
            "integrity": "sha512-YHlZCB6lMTllWDtSPHz/ZXTsi8S00usEV6v1tjq8tOUZzw7DpSDWVXjXDre6ed1w/pd495ODpHZYSdkRTsa0HA==",
            "dependencies": {
                "jwa": "^1.4.1",
                "safe-buffer": "^5.0.1"
            }
        }
    },
    "dependencies": {
        "@mervick/mdi-icons": {
            "version": "4.0.1",
            "resolved": "https://registry.npmjs.org/@mervick/mdi-icons/-/mdi-icons-4.0.1.tgz",
            "integrity": "sha512-uJP+fHNJmgZVKgW9bzmHPgnSJvIUXhSmM1oGqeUAHKQIh8ycDM45+4esFcjJjGkXAAb51e4efUeUdj01ISDaKg=="
        },
        "asn1.js": {
            "version": "5.4.1",
            "resolved": "https://registry.npmjs.org/asn1.js/-/asn1.js-5.4.1.tgz",
            "integrity": "sha512-+I//4cYPccV8LdmBLiX8CYvf9Sp3vQsrqu2QNXRcrbiWvcx/UdlFiqUJJzxRQxgsZmvhXhn4cSKeSmoFjVdupA==",
            "requires": {
                "bn.js": "^4.0.0",
                "inherits": "^2.0.1",
                "minimalistic-assert": "^1.0.0",
                "safer-buffer": "^2.1.0"
            }
        },
        "bn.js": {
            "version": "4.11.9",
            "resolved": "https://registry.npmjs.org/bn.js/-/bn.js-4.11.9.tgz",
            "integrity": "sha512-E6QoYqCKZfgatHTdHzs1RRKP7ip4vvm+EyRUeE2RF0NblwVvb0p6jSVeNTOFxPn26QXN2o6SMfNxKp6kU8zQaw=="
        },
        "buffer-equal-constant-time": {
            "version": "1.0.1",
            "resolved": "https://registry.npmjs.org/buffer-equal-constant-time/-/buffer-equal-constant-time-1.0.1.tgz",
            "integrity": "sha1-+OcRMvf/5uAaXJaXpMbz5I1cyBk="
        },
        "ecdsa-sig-formatter": {
            "version": "1.0.11",
            "resolved": "https://registry.npmjs.org/ecdsa-sig-formatter/-/ecdsa-sig-formatter-1.0.11.tgz",
            "integrity": "sha512-nagl3RYrbNv6kQkeJIpt6NJZy8twLB/2vtz6yN9Z4vRKHN4/QZJIEbqohALSgwKdnksuY3k5Addp5lg8sVoVcQ==",
            "requires": {
                "safe-buffer": "^5.0.1"
            }
        },
        "inherits": {
            "version": "2.0.4",
            "resolved": "https://registry.npmjs.org/inherits/-/inherits-2.0.4.tgz",
            "integrity": "sha512-k/vGaX4/Yla3WzyMCvTQOXYeIHvqOKtnqBduzTHpzpQZzAskKMhZ2K+EnBiSM9zGSoIFeMpXKxa4dYeZIQqewQ=="
        },
        "minimalistic-assert": {
            "version": "1.0.1",
            "resolved": "https://registry.npmjs.org/minimalistic-assert/-/minimalistic-assert-1.0.1.tgz",
            "integrity": "sha512-UtJcAD4yEaGtjPezWuO9wC4nwUnVH/8/Im3yEHQP4b67cXlD/Qr9hdITCU1xDbSEXg2XKNaP8jsReV7vQd00/A=="
        },
        "minimist": {
            "version": "1.2.5",
            "resolved": "https://registry.npmjs.org/minimist/-/minimist-1.2.5.tgz",
            "integrity": "sha512-FM9nNUYrRBAELZQT3xeZQ7fmMOBg6nWNmJKTcgsJeaLstP/UODVpGsr5OhXhhXg6f+qtJ8uiZ+PUxkDWcgIXLw=="
        },
        "safe-buffer": {
            "version": "5.2.1",
            "resolved": "https://registry.npmjs.org/safe-buffer/-/safe-buffer-5.2.1.tgz",
            "integrity": "sha512-rp3So07KcdmmKbGvgaNxQSJr7bGVSVk5S9Eq1F+ppbRo70+YeaDxkw5Dd8NPN+GD6bjnYm2VuPuCXmpuYvmCXQ=="
        },
        "safer-buffer": {
            "version": "2.1.2",
            "resolved": "https://registry.npmjs.org/safer-buffer/-/safer-buffer-2.1.2.tgz",
            "integrity": "sha512-YZo3K82SD7Riyi0E1EQPojLz7kpepnSQI9IyPbHHg1XXXevb5dJI7tpyN2ADxGcQbHG7vcyRHk0cbwqcQriUtg=="
        },
        "urlsafe-base64": {
            "version": "1.0.0",
            "resolved": "https://registry.npmjs.org/urlsafe-base64/-/urlsafe-base64-1.0.0.tgz",
            "integrity": "sha1-I/iQaabGL0bPOh07ABac77kL4MY="
        },
        "web-push": {
            "version": "3.3.0",
            "resolved": "https://registry.npmjs.org/web-push/-/web-push-3.3.0.tgz",
            "integrity": "sha512-jp9/TlHV4McLzF7qpQxdOSn+65Sd2/SKmw1MnM2O5vBwy5cA7bHU1h1bwUAVpL74Zl4dKbvndXaccCQrzyVxIQ==",
            "requires": {
                "asn1.js": "^5.0.0",
                "http_ece": "1.0.5",
                "jws": "^3.1.3",
                "minimist": "^1.2.0",
                "urlsafe-base64": "^1.0.0"
            },
            "dependencies": {
                "http_ece": {
                    "version": "1.0.5",
                    "resolved": "https://registry.npmjs.org/http_ece/-/http_ece-1.0.5.tgz",
                    "integrity": "sha1-tgZg+q8UIVEC0Uk+pyDc2StTNy8=",
                    "requires": {
                        "urlsafe-base64": "~1.0.0"
                    }
                },
                "jwa": {
                    "version": "1.4.1",
                    "resolved": "https://registry.npmjs.org/jwa/-/jwa-1.4.1.tgz",
                    "integrity": "sha512-qiLX/xhEEFKUAJ6FiBMbes3w9ATzyk5W7Hvzpa/SLYdxNtng+gcurvrI7TbACjIXlsJyr05/S1oUhZrc63evQA==",
                    "requires": {
                        "buffer-equal-constant-time": "1.0.1",
                        "ecdsa-sig-formatter": "1.0.11",
                        "safe-buffer": "^5.0.1"
                    }
                },
                "jws": {
                    "version": "3.2.2",
                    "resolved": "https://registry.npmjs.org/jws/-/jws-3.2.2.tgz",
                    "integrity": "sha512-YHlZCB6lMTllWDtSPHz/ZXTsi8S00usEV6v1tjq8tOUZzw7DpSDWVXjXDre6ed1w/pd495ODpHZYSdkRTsa0HA==",
                    "requires": {
                        "jwa": "^1.4.1",
                        "safe-buffer": "^5.0.1"
                    }
                }
            }
        }
    }
}